
Microsoft Visual Studio Solution File, Format Version 12.00
# Visual Studio Version 17
VisualStudioVersion = 17.14.36109.1
MinimumVisualStudioVersion = 10.0.40219.1
Project("{8BC9CEB8-8B4A-11D0-8D11-00A0C91BC942}") = "Lesson10", "Lesson10\Lesson_10.vcxproj", "{AA7A38DE-7B09-44B0-BDDD-1D9B023DBDB4}"
EndProject
Project("{8BC9CEB8-8B4A-11D0-8D11-00A0C91BC942}") = "Lesson9", "Lesson9\Lesson9.vcxproj", "{865D19DE-E96D-4E52-8F65-39FBF93464CD}"
EndProject
Project("{8BC9CEB8-8B4A-11D0-8D11-00A0C91BC942}") = "Lesson8", "Lesson8\Lesson8.vcxproj", "{B58905C2-2139-4F6A-ACA3-1B9097658AD5}"
EndProject
Project("{8BC9CEB8-8B4A-11D0-8D11-00A0C91BC942}") = "Lesson7", "Lesson7\Lesson_7.vcxproj", "{84E56AD9-E461-4C15-8C76-A652C2460DB3}"
EndProject
Project("{8BC9CEB8-8B4A-11D0-8D11-00A0C91BC942}") = "Lesson11", "Lesson11\Lesson11.vcxproj", "{2A0A80FA-FC5E-4970-82C9-6DFC5A0A0752}"
EndProject
Project("{8BC9CEB8-8B4A-11D0-8D11-00A0C91BC942}") = "Lesson12", "Lesson12\Lesson12.vcxproj", "{1C69E0EB-B73B-48DD-A7EF-F797238942D3}"
EndProject
Project("{8BC9CEB8-8B4A-11D0-8D11-00A0C91BC942}") = "Lesson13", "Lesson13\Lesson13.vcxproj", "{0E2C59C7-77BB-4A25-87D7-C3D1028AA69F}"
EndProject
Project("{8BC9CEB8-8B4A-11D0-8D11-00A0C91BC942}") = "Lesson15", "Lesson15\Lesson15.vcxproj", "{396ACD39-EB6A-4228-8CC9-AB71C563E2E5}"
EndProject
Project("{8BC9CEB8-8B4A-11D0-8D11-00A0C91BC942}") = "Lesson16", "Lesson16\Lesson16.vcxproj", "{3621A5AD-1703-49F7-830F-1A3B93861EE2}"
EndProject
Project("{8BC9CEB8-8B4A-11D0-8D11-00A0C91BC942}") = "Lesson17", "Lesson17\Lesson17.vcxproj", "{823921BA-DC60-409B-BB65-B650F81A66C1}"
EndProject
Project("{8BC9CEB8-8B4A-11D0-8D11-00A0C91BC942}") = "Templete", "Templete\Templete.vcxproj", "{19C3B20D-314D-4A12-88A0-D27649CE6FEE}"
EndProject
Project("{8BC9CEB8-8B4A-11D0-8D11-00A0C91BC942}") = "Lesson18", "Lesson18\Lesson18.vcxproj", "{E4D47481-31E5-4092-BE7C-139D22CCA392}"
EndProject
Global
	GlobalSection(SolutionConfigurationPlatforms) = preSolution
		Debug|x64 = Debug|x64
		Debug|x86 = Debug|x86
		Release|x64 = Release|x64
		Release|x86 = Release|x86
	EndGlobalSection
	GlobalSection(ProjectConfigurationPlatforms) = postSolution
		{AA7A38DE-7B09-44B0-BDDD-1D9B023DBDB4}.Debug|x64.ActiveCfg = Debug|x64
		{AA7A38DE-7B09-44B0-BDDD-1D9B023DBDB4}.Debug|x64.Build.0 = Debug|x64
		{AA7A38DE-7B09-44B0-BDDD-1D9B023DBDB4}.Debug|x86.ActiveCfg = Debug|Win32
		{AA7A38DE-7B09-44B0-BDDD-1D9B023DBDB4}.Debug|x86.Build.0 = Debug|Win32
		{AA7A38DE-7B09-44B0-BDDD-1D9B023DBDB4}.Release|x64.ActiveCfg = Release|x64
		{AA7A38DE-7B09-44B0-BDDD-1D9B023DBDB4}.Release|x64.Build.0 = Release|x64
		{AA7A38DE-7B09-44B0-BDDD-1D9B023DBDB4}.Release|x86.ActiveCfg = Release|Win32
		{AA7A38DE-7B09-44B0-BDDD-1D9B023DBDB4}.Release|x86.Build.0 = Release|Win32
		{865D19DE-E96D-4E52-8F65-39FBF93464CD}.Debug|x64.ActiveCfg = Debug|x64
		{865D19DE-E96D-4E52-8F65-39FBF93464CD}.Debug|x64.Build.0 = Debug|x64
		{865D19DE-E96D-4E52-8F65-39FBF93464CD}.Debug|x86.ActiveCfg = Debug|Win32
		{865D19DE-E96D-4E52-8F65-39FBF93464CD}.Debug|x86.Build.0 = Debug|Win32
		{865D19DE-E96D-4E52-8F65-39FBF93464CD}.Release|x64.ActiveCfg = Release|x64
		{865D19DE-E96D-4E52-8F65-39FBF93464CD}.Release|x64.Build.0 = Release|x64
		{865D19DE-E96D-4E52-8F65-39FBF93464CD}.Release|x86.ActiveCfg = Release|Win32
		{865D19DE-E96D-4E52-8F65-39FBF93464CD}.Release|x86.Build.0 = Release|Win32
		{B58905C2-2139-4F6A-ACA3-1B9097658AD5}.Debug|x64.ActiveCfg = Debug|x64
		{B58905C2-2139-4F6A-ACA3-1B9097658AD5}.Debug|x64.Build.0 = Debug|x64
		{B58905C2-2139-4F6A-ACA3-1B9097658AD5}.Debug|x86.ActiveCfg = Debug|Win32
		{B58905C2-2139-4F6A-ACA3-1B9097658AD5}.Debug|x86.Build.0 = Debug|Win32
		{B58905C2-2139-4F6A-ACA3-1B9097658AD5}.Release|x64.ActiveCfg = Release|x64
		{B58905C2-2139-4F6A-ACA3-1B9097658AD5}.Release|x64.Build.0 = Release|x64
		{B58905C2-2139-4F6A-ACA3-1B9097658AD5}.Release|x86.ActiveCfg = Release|Win32
		{B58905C2-2139-4F6A-ACA3-1B9097658AD5}.Release|x86.Build.0 = Release|Win32
		{84E56AD9-E461-4C15-8C76-A652C2460DB3}.Debug|x64.ActiveCfg = Debug|x64
		{84E56AD9-E461-4C15-8C76-A652C2460DB3}.Debug|x64.Build.0 = Debug|x64
		{84E56AD9-E461-4C15-8C76-A652C2460DB3}.Debug|x86.ActiveCfg = Debug|Win32
		{84E56AD9-E461-4C15-8C76-A652C2460DB3}.Debug|x86.Build.0 = Debug|Win32
		{84E56AD9-E461-4C15-8C76-A652C2460DB3}.Release|x64.ActiveCfg = Release|x64
		{84E56AD9-E461-4C15-8C76-A652C2460DB3}.Release|x64.Build.0 = Release|x64
		{84E56AD9-E461-4C15-8C76-A652C2460DB3}.Release|x86.ActiveCfg = Release|Win32
		{84E56AD9-E461-4C15-8C76-A652C2460DB3}.Release|x86.Build.0 = Release|Win32
		{2A0A80FA-FC5E-4970-82C9-6DFC5A0A0752}.Debug|x64.ActiveCfg = Debug|x64
		{2A0A80FA-FC5E-4970-82C9-6DFC5A0A0752}.Debug|x64.Build.0 = Debug|x64
		{2A0A80FA-FC5E-4970-82C9-6DFC5A0A0752}.Debug|x86.ActiveCfg = Debug|Win32
		{2A0A80FA-FC5E-4970-82C9-6DFC5A0A0752}.Debug|x86.Build.0 = Debug|Win32
		{2A0A80FA-FC5E-4970-82C9-6DFC5A0A0752}.Release|x64.ActiveCfg = Release|x64
		{2A0A80FA-FC5E-4970-82C9-6DFC5A0A0752}.Release|x64.Build.0 = Release|x64
		{2A0A80FA-FC5E-4970-82C9-6DFC5A0A0752}.Release|x86.ActiveCfg = Release|Win32
		{2A0A80FA-FC5E-4970-82C9-6DFC5A0A0752}.Release|x86.Build.0 = Release|Win32
		{1C69E0EB-B73B-48DD-A7EF-F797238942D3}.Debug|x64.ActiveCfg = Debug|x64
		{1C69E0EB-B73B-48DD-A7EF-F797238942D3}.Debug|x64.Build.0 = Debug|x64
		{1C69E0EB-B73B-48DD-A7EF-F797238942D3}.Debug|x86.ActiveCfg = Debug|Win32
		{1C69E0EB-B73B-48DD-A7EF-F797238942D3}.Debug|x86.Build.0 = Debug|Win32
		{1C69E0EB-B73B-48DD-A7EF-F797238942D3}.Release|x64.ActiveCfg = Release|x64
		{1C69E0EB-B73B-48DD-A7EF-F797238942D3}.Release|x64.Build.0 = Release|x64
		{1C69E0EB-B73B-48DD-A7EF-F797238942D3}.Release|x86.ActiveCfg = Release|Win32
		{1C69E0EB-B73B-48DD-A7EF-F797238942D3}.Release|x86.Build.0 = Release|Win32
		{0E2C59C7-77BB-4A25-87D7-C3D1028AA69F}.Debug|x64.ActiveCfg = Debug|x64
		{0E2C59C7-77BB-4A25-87D7-C3D1028AA69F}.Debug|x64.Build.0 = Debug|x64
		{0E2C59C7-77BB-4A25-87D7-C3D1028AA69F}.Debug|x86.ActiveCfg = Debug|Win32
		{0E2C59C7-77BB-4A25-87D7-C3D1028AA69F}.Debug|x86.Build.0 = Debug|Win32
		{0E2C59C7-77BB-4A25-87D7-C3D1028AA69F}.Release|x64.ActiveCfg = Release|x64
		{0E2C59C7-77BB-4A25-87D7-C3D1028AA69F}.Release|x64.Build.0 = Release|x64
		{0E2C59C7-77BB-4A25-87D7-C3D1028AA69F}.Release|x86.ActiveCfg = Release|Win32
		{0E2C59C7-77BB-4A25-87D7-C3D1028AA69F}.Release|x86.Build.0 = Release|Win32
		{396ACD39-EB6A-4228-8CC9-AB71C563E2E5}.Debug|x64.ActiveCfg = Debug|x64
		{396ACD39-EB6A-4228-8CC9-AB71C563E2E5}.Debug|x64.Build.0 = Debug|x64
		{396ACD39-EB6A-4228-8CC9-AB71C563E2E5}.Debug|x86.ActiveCfg = Debug|Win32
		{396ACD39-EB6A-4228-8CC9-AB71C563E2E5}.Debug|x86.Build.0 = Debug|Win32
		{396ACD39-EB6A-4228-8CC9-AB71C563E2E5}.Release|x64.ActiveCfg = Release|x64
		{396ACD39-EB6A-4228-8CC9-AB71C563E2E5}.Release|x64.Build.0 = Release|x64
		{396ACD39-EB6A-4228-8CC9-AB71C563E2E5}.Release|x86.ActiveCfg = Release|Win32
		{396ACD39-EB6A-4228-8CC9-AB71C563E2E5}.Release|x86.Build.0 = Release|Win32
		{3621A5AD-1703-49F7-830F-1A3B93861EE2}.Debug|x64.ActiveCfg = Debug|x64
		{3621A5AD-1703-49F7-830F-1A3B93861EE2}.Debug|x64.Build.0 = Debug|x64
		{3621A5AD-1703-49F7-830F-1A3B93861EE2}.Debug|x86.ActiveCfg = Debug|Win32
		{3621A5AD-1703-49F7-830F-1A3B93861EE2}.Debug|x86.Build.0 = Debug|Win32
		{3621A5AD-1703-49F7-830F-1A3B93861EE2}.Release|x64.ActiveCfg = Release|x64
		{3621A5AD-1703-49F7-830F-1A3B93861EE2}.Release|x64.Build.0 = Release|x64
		{3621A5AD-1703-49F7-830F-1A3B93861EE2}.Release|x86.ActiveCfg = Release|Win32
		{3621A5AD-1703-49F7-830F-1A3B93861EE2}.Release|x86.Build.0 = Release|Win32
		{823921BA-DC60-409B-BB65-B650F81A66C1}.Debug|x64.ActiveCfg = Debug|x64
		{823921BA-DC60-409B-BB65-B650F81A66C1}.Debug|x64.Build.0 = Debug|x64
		{823921BA-DC60-409B-BB65-B650F81A66C1}.Debug|x86.ActiveCfg = Debug|Win32
		{823921BA-DC60-409B-BB65-B650F81A66C1}.Debug|x86.Build.0 = Debug|Win32
		{823921BA-DC60-409B-BB65-B650F81A66C1}.Release|x64.ActiveCfg = Release|x64
		{823921BA-DC60-409B-BB65-B650F81A66C1}.Release|x64.Build.0 = Release|x64
		{823921BA-DC60-409B-BB65-B650F81A66C1}.Release|x86.ActiveCfg = Release|Win32
		{823921BA-DC60-409B-BB65-B650F81A66C1}.Release|x86.Build.0 = Release|Win32
		{19C3B20D-314D-4A12-88A0-D27649CE6FEE}.Debug|x64.ActiveCfg = Debug|x64
		{19C3B20D-314D-4A12-88A0-D27649CE6FEE}.Debug|x64.Build.0 = Debug|x64
		{19C3B20D-314D-4A12-88A0-D27649CE6FEE}.Debug|x86.ActiveCfg = Debug|Win32
		{19C3B20D-314D-4A12-88A0-D27649CE6FEE}.Debug|x86.Build.0 = Debug|Win32
		{19C3B20D-314D-4A12-88A0-D27649CE6FEE}.Release|x64.ActiveCfg = Release|x64
		{19C3B20D-314D-4A12-88A0-D27649CE6FEE}.Release|x64.Build.0 = Release|x64
		{19C3B20D-314D-4A12-88A0-D27649CE6FEE}.Release|x86.ActiveCfg = Release|Win32
		{19C3B20D-314D-4A12-88A0-D27649CE6FEE}.Release|x86.Build.0 = Release|Win32
		{E4D47481-31E5-4092-BE7C-139D22CCA392}.Debug|x64.ActiveCfg = Debug|x64
		{E4D47481-31E5-4092-BE7C-139D22CCA392}.Debug|x64.Build.0 = Debug|x64
		{E4D47481-31E5-4092-BE7C-139D22CCA392}.Debug|x86.ActiveCfg = Debug|Win32
		{E4D47481-31E5-4092-BE7C-139D22CCA392}.Debug|x86.Build.0 = Debug|Win32
		{E4D47481-31E5-4092-BE7C-139D22CCA392}.Release|x64.ActiveCfg = Release|x64
		{E4D47481-31E5-4092-BE7C-139D22CCA392}.Release|x64.Build.0 = Release|x64
		{E4D47481-31E5-4092-BE7C-139D22CCA392}.Release|x86.ActiveCfg = Release|Win32
		{E4D47481-31E5-4092-BE7C-139D22CCA392}.Release|x86.Build.0 = Release|Win32
	EndGlobalSection
	GlobalSection(SolutionProperties) = preSolution
		HideSolutionNode = FALSE
	EndGlobalSection
	GlobalSection(ExtensibilityGlobals) = postSolution
		SolutionGuid = {B3A52DFD-55C0-4E2E-AAEE-897F12525E8D}
	EndGlobalSection
EndGlobal
