
Microsoft Visual Studio Solution File, Format Version 12.00
# Visual Studio Version 17
VisualStudioVersion = 17.14.36109.1
MinimumVisualStudioVersion = 10.0.40219.1
Project("{8BC9CEB8-8B4A-11D0-8D11-00A0C91BC942}") = "Lesson10", "Lesson10\Lesson_10.vcxproj", "{AA7A38DE-7B09-44B0-BDDD-1D9B023DBDB4}"
EndProject
Project("{8BC9CEB8-8B4A-11D0-8D11-00A0C91BC942}") = "Lesson9", "Lesson9\Lesson9.vcxproj", "{865D19DE-E96D-4E52-8F65-39FBF93464CD}"
EndProject
Project("{8BC9CEB8-8B4A-11D0-8D11-00A0C91BC942}") = "Lesson8", "Lesson8\Lesson8.vcxproj", "{B58905C2-2139-4F6A-ACA3-1B9097658AD5}"
EndProject
Project("{8BC9CEB8-8B4A-11D0-8D11-00A0C91BC942}") = "Lesson7", "Lesson7\Lesson_7.vcxproj", "{84E56AD9-E461-4C15-8C76-A652C2460DB3}"
EndProject
Project("{8BC9CEB8-8B4A-11D0-8D11-00A0C91BC942}") = "Lesson12", "Lesson12\Lesson12.vcxproj", "{FDED4658-83DF-40F8-A16E-2E82F5CB934E}"
EndProject
Project("{8BC9CEB8-8B4A-11D0-8D11-00A0C91BC942}") = "Lesson14", "Lesson14\Lesson14.vcxproj", "{2D406C18-6759-4163-9F31-1B64C4A02216}"
EndProject
Project("{8BC9CEB8-8B4A-11D0-8D11-00A0C91BC942}") = "Lesson15", "Lesson15\Lesson15.vcxproj", "{7185B337-8126-46A9-854A-AE71D876A761}"
EndProject
Project("{8BC9CEB8-8B4A-11D0-8D11-00A0C91BC942}") = "Lesson16", "Lesson16\Lesson16.vcxproj", "{1BF89491-C081-4910-940A-AE330BECA448}"
EndProject
Project("{8BC9CEB8-8B4A-11D0-8D11-00A0C91BC942}") = "Lesson17", "Lesson17\Lesson17.vcxproj", "{82AB1399-144D-4C09-A381-F060276B6A82}"
EndProject
Project("{8BC9CEB8-8B4A-11D0-8D11-00A0C91BC942}") = "Lesson11", "Lesson11\Lesson11.vcxproj", "{C0EE8FFB-5EB9-4833-A829-601405A040D1}"
EndProject
Project("{8BC9CEB8-8B4A-11D0-8D11-00A0C91BC942}") = "Lesson18", "Lesson18\Lesson18.vcxproj", "{7402EDED-9D23-4228-81B9-3966505BA241}"
EndProject
Global
	GlobalSection(SolutionConfigurationPlatforms) = preSolution
		Debug|x64 = Debug|x64
		Debug|x86 = Debug|x86
		Release|x64 = Release|x64
		Release|x86 = Release|x86
	EndGlobalSection
	GlobalSection(ProjectConfigurationPlatforms) = postSolution
		{AA7A38DE-7B09-44B0-BDDD-1D9B023DBDB4}.Debug|x64.ActiveCfg = Debug|x64
		{AA7A38DE-7B09-44B0-BDDD-1D9B023DBDB4}.Debug|x64.Build.0 = Debug|x64
		{AA7A38DE-7B09-44B0-BDDD-1D9B023DBDB4}.Debug|x86.ActiveCfg = Debug|Win32
		{AA7A38DE-7B09-44B0-BDDD-1D9B023DBDB4}.Debug|x86.Build.0 = Debug|Win32
		{AA7A38DE-7B09-44B0-BDDD-1D9B023DBDB4}.Release|x64.ActiveCfg = Release|x64
		{AA7A38DE-7B09-44B0-BDDD-1D9B023DBDB4}.Release|x64.Build.0 = Release|x64
		{AA7A38DE-7B09-44B0-BDDD-1D9B023DBDB4}.Release|x86.ActiveCfg = Release|Win32
		{AA7A38DE-7B09-44B0-BDDD-1D9B023DBDB4}.Release|x86.Build.0 = Release|Win32
		{865D19DE-E96D-4E52-8F65-39FBF93464CD}.Debug|x64.ActiveCfg = Debug|x64
		{865D19DE-E96D-4E52-8F65-39FBF93464CD}.Debug|x64.Build.0 = Debug|x64
		{865D19DE-E96D-4E52-8F65-39FBF93464CD}.Debug|x86.ActiveCfg = Debug|Win32
		{865D19DE-E96D-4E52-8F65-39FBF93464CD}.Debug|x86.Build.0 = Debug|Win32
		{865D19DE-E96D-4E52-8F65-39FBF93464CD}.Release|x64.ActiveCfg = Release|x64
		{865D19DE-E96D-4E52-8F65-39FBF93464CD}.Release|x64.Build.0 = Release|x64
		{865D19DE-E96D-4E52-8F65-39FBF93464CD}.Release|x86.ActiveCfg = Release|Win32
		{865D19DE-E96D-4E52-8F65-39FBF93464CD}.Release|x86.Build.0 = Release|Win32
		{B58905C2-2139-4F6A-ACA3-1B9097658AD5}.Debug|x64.ActiveCfg = Debug|x64
		{B58905C2-2139-4F6A-ACA3-1B9097658AD5}.Debug|x64.Build.0 = Debug|x64
		{B58905C2-2139-4F6A-ACA3-1B9097658AD5}.Debug|x86.ActiveCfg = Debug|Win32
		{B58905C2-2139-4F6A-ACA3-1B9097658AD5}.Debug|x86.Build.0 = Debug|Win32
		{B58905C2-2139-4F6A-ACA3-1B9097658AD5}.Release|x64.ActiveCfg = Release|x64
		{B58905C2-2139-4F6A-ACA3-1B9097658AD5}.Release|x64.Build.0 = Release|x64
		{B58905C2-2139-4F6A-ACA3-1B9097658AD5}.Release|x86.ActiveCfg = Release|Win32
		{B58905C2-2139-4F6A-ACA3-1B9097658AD5}.Release|x86.Build.0 = Release|Win32
		{84E56AD9-E461-4C15-8C76-A652C2460DB3}.Debug|x64.ActiveCfg = Debug|x64
		{84E56AD9-E461-4C15-8C76-A652C2460DB3}.Debug|x64.Build.0 = Debug|x64
		{84E56AD9-E461-4C15-8C76-A652C2460DB3}.Debug|x86.ActiveCfg = Debug|Win32
		{84E56AD9-E461-4C15-8C76-A652C2460DB3}.Debug|x86.Build.0 = Debug|Win32
		{84E56AD9-E461-4C15-8C76-A652C2460DB3}.Release|x64.ActiveCfg = Release|x64
		{84E56AD9-E461-4C15-8C76-A652C2460DB3}.Release|x64.Build.0 = Release|x64
		{84E56AD9-E461-4C15-8C76-A652C2460DB3}.Release|x86.ActiveCfg = Release|Win32
		{84E56AD9-E461-4C15-8C76-A652C2460DB3}.Release|x86.Build.0 = Release|Win32
		{FDED4658-83DF-40F8-A16E-2E82F5CB934E}.Debug|x64.ActiveCfg = Debug|x64
		{FDED4658-83DF-40F8-A16E-2E82F5CB934E}.Debug|x64.Build.0 = Debug|x64
		{FDED4658-83DF-40F8-A16E-2E82F5CB934E}.Debug|x86.ActiveCfg = Debug|Win32
		{FDED4658-83DF-40F8-A16E-2E82F5CB934E}.Debug|x86.Build.0 = Debug|Win32
		{FDED4658-83DF-40F8-A16E-2E82F5CB934E}.Release|x64.ActiveCfg = Release|x64
		{FDED4658-83DF-40F8-A16E-2E82F5CB934E}.Release|x64.Build.0 = Release|x64
		{FDED4658-83DF-40F8-A16E-2E82F5CB934E}.Release|x86.ActiveCfg = Release|Win32
		{FDED4658-83DF-40F8-A16E-2E82F5CB934E}.Release|x86.Build.0 = Release|Win32
		{2D406C18-6759-4163-9F31-1B64C4A02216}.Debug|x64.ActiveCfg = Debug|x64
		{2D406C18-6759-4163-9F31-1B64C4A02216}.Debug|x64.Build.0 = Debug|x64
		{2D406C18-6759-4163-9F31-1B64C4A02216}.Debug|x86.ActiveCfg = Debug|Win32
		{2D406C18-6759-4163-9F31-1B64C4A02216}.Debug|x86.Build.0 = Debug|Win32
		{2D406C18-6759-4163-9F31-1B64C4A02216}.Release|x64.ActiveCfg = Release|x64
		{2D406C18-6759-4163-9F31-1B64C4A02216}.Release|x64.Build.0 = Release|x64
		{2D406C18-6759-4163-9F31-1B64C4A02216}.Release|x86.ActiveCfg = Release|Win32
		{2D406C18-6759-4163-9F31-1B64C4A02216}.Release|x86.Build.0 = Release|Win32
		{7185B337-8126-46A9-854A-AE71D876A761}.Debug|x64.ActiveCfg = Debug|x64
		{7185B337-8126-46A9-854A-AE71D876A761}.Debug|x64.Build.0 = Debug|x64
		{7185B337-8126-46A9-854A-AE71D876A761}.Debug|x86.ActiveCfg = Debug|Win32
		{7185B337-8126-46A9-854A-AE71D876A761}.Debug|x86.Build.0 = Debug|Win32
		{7185B337-8126-46A9-854A-AE71D876A761}.Release|x64.ActiveCfg = Release|x64
		{7185B337-8126-46A9-854A-AE71D876A761}.Release|x64.Build.0 = Release|x64
		{7185B337-8126-46A9-854A-AE71D876A761}.Release|x86.ActiveCfg = Release|Win32
		{7185B337-8126-46A9-854A-AE71D876A761}.Release|x86.Build.0 = Release|Win32
		{1BF89491-C081-4910-940A-AE330BECA448}.Debug|x64.ActiveCfg = Debug|x64
		{1BF89491-C081-4910-940A-AE330BECA448}.Debug|x64.Build.0 = Debug|x64
		{1BF89491-C081-4910-940A-AE330BECA448}.Debug|x86.ActiveCfg = Debug|Win32
		{1BF89491-C081-4910-940A-AE330BECA448}.Debug|x86.Build.0 = Debug|Win32
		{1BF89491-C081-4910-940A-AE330BECA448}.Release|x64.ActiveCfg = Release|x64
		{1BF89491-C081-4910-940A-AE330BECA448}.Release|x64.Build.0 = Release|x64
		{1BF89491-C081-4910-940A-AE330BECA448}.Release|x86.ActiveCfg = Release|Win32
		{1BF89491-C081-4910-940A-AE330BECA448}.Release|x86.Build.0 = Release|Win32
		{82AB1399-144D-4C09-A381-F060276B6A82}.Debug|x64.ActiveCfg = Debug|x64
		{82AB1399-144D-4C09-A381-F060276B6A82}.Debug|x64.Build.0 = Debug|x64
		{82AB1399-144D-4C09-A381-F060276B6A82}.Debug|x86.ActiveCfg = Debug|Win32
		{82AB1399-144D-4C09-A381-F060276B6A82}.Debug|x86.Build.0 = Debug|Win32
		{82AB1399-144D-4C09-A381-F060276B6A82}.Release|x64.ActiveCfg = Release|x64
		{82AB1399-144D-4C09-A381-F060276B6A82}.Release|x64.Build.0 = Release|x64
		{82AB1399-144D-4C09-A381-F060276B6A82}.Release|x86.ActiveCfg = Release|Win32
		{82AB1399-144D-4C09-A381-F060276B6A82}.Release|x86.Build.0 = Release|Win32
		{C0EE8FFB-5EB9-4833-A829-601405A040D1}.Debug|x64.ActiveCfg = Debug|x64
		{C0EE8FFB-5EB9-4833-A829-601405A040D1}.Debug|x64.Build.0 = Debug|x64
		{C0EE8FFB-5EB9-4833-A829-601405A040D1}.Debug|x86.ActiveCfg = Debug|Win32
		{C0EE8FFB-5EB9-4833-A829-601405A040D1}.Debug|x86.Build.0 = Debug|Win32
		{C0EE8FFB-5EB9-4833-A829-601405A040D1}.Release|x64.ActiveCfg = Release|x64
		{C0EE8FFB-5EB9-4833-A829-601405A040D1}.Release|x64.Build.0 = Release|x64
		{C0EE8FFB-5EB9-4833-A829-601405A040D1}.Release|x86.ActiveCfg = Release|Win32
		{C0EE8FFB-5EB9-4833-A829-601405A040D1}.Release|x86.Build.0 = Release|Win32
		{7402EDED-9D23-4228-81B9-3966505BA241}.Debug|x64.ActiveCfg = Debug|x64
		{7402EDED-9D23-4228-81B9-3966505BA241}.Debug|x64.Build.0 = Debug|x64
		{7402EDED-9D23-4228-81B9-3966505BA241}.Debug|x86.ActiveCfg = Debug|Win32
		{7402EDED-9D23-4228-81B9-3966505BA241}.Debug|x86.Build.0 = Debug|Win32
		{7402EDED-9D23-4228-81B9-3966505BA241}.Release|x64.ActiveCfg = Release|x64
		{7402EDED-9D23-4228-81B9-3966505BA241}.Release|x64.Build.0 = Release|x64
		{7402EDED-9D23-4228-81B9-3966505BA241}.Release|x86.ActiveCfg = Release|Win32
		{7402EDED-9D23-4228-81B9-3966505BA241}.Release|x86.Build.0 = Release|Win32
	EndGlobalSection
	GlobalSection(SolutionProperties) = preSolution
		HideSolutionNode = FALSE
	EndGlobalSection
	GlobalSection(ExtensibilityGlobals) = postSolution
		SolutionGuid = {B3A52DFD-55C0-4E2E-AAEE-897F12525E8D}
	EndGlobalSection
EndGlobal
